
Microsoft Visual Studio Solution File, Format Version 12.00
# Visual Studio Version 17
VisualStudioVersion = 17.4.33205.214
MinimumVisualStudioVersion = 10.0.40219.1
Project("{FAE04EC0-301F-11D3-BF4B-00C04F79EFBC}") = "Xamarin.Forms.Discovery.Android", "Xamarin.Forms.Discovery\Xamarin.Forms.Discovery.Android\Xamarin.Forms.Discovery.Android.csproj", "{B6940673-26FE-4CFC-B656-AC03C0BB95C1}"
EndProject
Project("{FAE04EC0-301F-11D3-BF4B-00C04F79EFBC}") = "Xamarin.Forms.Discovery", "Xamarin.Forms.Discovery\Xamarin.Forms.Discovery\Xamarin.Forms.Discovery.csproj", "{7F136242-8BEA-44E2-87E6-5740E4507D27}"
EndProject
Global
	GlobalSection(SolutionConfigurationPlatforms) = preSolution
		Debug|Any CPU = Debug|Any CPU
		Release|Any CPU = Release|Any CPU
	EndGlobalSection
	GlobalSection(ProjectConfigurationPlatforms) = postSolution
		{B6940673-26FE-4CFC-B656-AC03C0BB95C1}.Debug|Any CPU.ActiveCfg = Debug|Any CPU
		{B6940673-26FE-4CFC-B656-AC03C0BB95C1}.Debug|Any CPU.Build.0 = Debug|Any CPU
		{B6940673-26FE-4CFC-B656-AC03C0BB95C1}.Debug|Any CPU.Deploy.0 = Debug|Any CPU
		{B6940673-26FE-4CFC-B656-AC03C0BB95C1}.Release|Any CPU.ActiveCfg = Release|Any CPU
		{B6940673-26FE-4CFC-B656-AC03C0BB95C1}.Release|Any CPU.Build.0 = Release|Any CPU
		{B6940673-26FE-4CFC-B656-AC03C0BB95C1}.Release|Any CPU.Deploy.0 = Release|Any CPU
		{7F136242-8BEA-44E2-87E6-5740E4507D27}.Debug|Any CPU.ActiveCfg = Debug|Any CPU
		{7F136242-8BEA-44E2-87E6-5740E4507D27}.Debug|Any CPU.Build.0 = Debug|Any CPU
		{7F136242-8BEA-44E2-87E6-5740E4507D27}.Debug|Any CPU.Deploy.0 = Debug|Any CPU
		{7F136242-8BEA-44E2-87E6-5740E4507D27}.Release|Any CPU.ActiveCfg = Release|Any CPU
		{7F136242-8BEA-44E2-87E6-5740E4507D27}.Release|Any CPU.Build.0 = Release|Any CPU
		{7F136242-8BEA-44E2-87E6-5740E4507D27}.Release|Any CPU.Deploy.0 = Release|Any CPU
	EndGlobalSection
	GlobalSection(SolutionProperties) = preSolution
		HideSolutionNode = FALSE
	EndGlobalSection
	GlobalSection(ExtensibilityGlobals) = postSolution
		SolutionGuid = {DED072E4-DCF0-4631-9B62-E74FD6C9438C}
	EndGlobalSection
EndGlobal
